{
  "meteor": {},
  "dependencies": {
    "basePackages": {
      "bootstrap-3": {},
      "npm": {},
      "bootstrap-datepicker": {}
    },
    "packages": {
      "bootstrap-3": {
        "git": "https://github.com/mangasocial/meteor-bootstrap-3.git",
        "tag": "v3.1.1-1",
        "commit": "63dd38968828bb8963636df93e9a1c45e2dfe67e"
      },
      "npm": {
        "git": "https://github.com/arunoda/meteor-npm.git",
        "tag": "v0.2.6",
        "commit": "177ab6118de5bf8cffb19481343d5762ff7a2aaf"
      },
      "bootstrap-datepicker": {
        "git": "https://github.com/acidsound/bootstrap-datepicker.git",
        "tag": "v0.5.1",
        "commit": "578d0bad1b5b5120c1abc333e449b8d0256969b4"
      }
    }
  }
}
