{
  "dependencies": {
    "exec": {
      "version": "0.1.1"
    },
    "fs-extra": {
      "version": "0.8.1",
      "dependencies": {
        "ncp": {
          "version": "0.4.2"
        },
        "mkdirp": {
          "version": "0.3.5"
        },
        "jsonfile": {
          "version": "1.1.1"
        },
        "rimraf": {
          "version": "2.2.6"
        }
      }
    },
    "fs-finder": {
      "version": "1.8.0",
      "dependencies": {
        "moment": {
          "version": "2.5.1"
        },
        "operator-compare": {
          "version": "1.0.1"
        },
        "escape-regexp": {
          "version": "0.0.1"
        },
        "q": {
          "version": "1.0.1"
        },
        "async": {
          "version": "0.2.10"
        }
      }
    }
  }
}
